<?xml version="1.0" encoding="utf-8"?>
<Project ToolsVersion="4.0" xmlns="http://schemas.microsoft.com/developer/msbuild/2003">
  <ItemGroup>
    <Filter Include="Header Files">
      <UniqueIdentifier>{93995380-89BD-4b04-88EB-625FBE52EBFB}</UniqueIdentifier>
      <Extensions>h;hh;hpp;hxx;hm;inl;inc;xsd</Extensions>
    </Filter>
    <Filter Include="Resource Files">
      <UniqueIdentifier>{67DA6AB6-F800-4c08-8B7A-83BB121AAD01}</UniqueIdentifier>
      <Extensions>rc;ico;cur;bmp;dlg;rc2;rct;bin;rgs;gif;jpg;jpeg;jpe;resx;tiff;tif;png;wav;mfcribbon-ms</Extensions>
    </Filter>
    <Filter Include="Source Files">
      <UniqueIdentifier>{4FC737F1-C7A5-4376-A066-2A32D752A2FF}</UniqueIdentifier>
      <Extensions>cpp;c;cc;cxx;def;odl;idl;hpj;bat;asm;asmx</Extensions>
    </Filter>
    <Filter Include="Source Files\widgets">
      <UniqueIdentifier>{284069ae-6e3a-4135-baef-0877c256c92c}</UniqueIdentifier>
    </Filter>
    <Filter Include="Header Files\widgets">
      <UniqueIdentifier>{d10d8f46-a312-4bd4-9ae2-344df24f91bb}</UniqueIdentifier>
    </Filter>
  </ItemGroup>
  <ItemGroup>
    <ClCompile Include="src\main.cpp">
      <Filter>Source Files</Filter>
    </ClCompile>
    <ClCompile Include="src\ui.cpp">
      <Filter>Source Files</Filter>
    </ClCompile>
    <ClCompile Include="src\substrate.cpp">
      <Filter>Source Files</Filter>
    </ClCompile>
    <ClCompile Include="src\substrate_utils.cpp">
      <Filter>Source Files</Filter>
    </ClCompile>
    <ClCompile Include="src\widgets\st_button.cpp">
      <Filter>Source Files\widgets</Filter>
    </ClCompile>
    <ClCompile Include="src\widgets\st_widget.cpp">
      <Filter>Source Files\widgets</Filter>
    </ClCompile>
    <ClCompile Include="src\widgets\st_label.cpp">
      <Filter>Source Files\widgets</Filter>
    </ClCompile>
    <ClCompile Include="src\widgets\st_entry.cpp">
      <Filter>Source Files\widgets</Filter>
    </ClCompile>
    <ClCompile Include="src\environment.cpp">
      <Filter>Source Files</Filter>
    </ClCompile>
    <ClCompile Include="src\widgets\st_window.cpp">
      <Filter>Source Files\widgets</Filter>
    </ClCompile>
  </ItemGroup>
  <ItemGroup>
    <ClInclude Include="src\ui.h">
      <Filter>Header Files</Filter>
    </ClInclude>
    <ClInclude Include="src\substrate.h">
      <Filter>Header Files</Filter>
    </ClInclude>
    <ClInclude Include="src\substrate_utils.h">
      <Filter>Header Files</Filter>
    </ClInclude>
    <ClInclude Include="src\widgets\st_button.h">
      <Filter>Header Files\widgets</Filter>
    </ClInclude>
    <ClInclude Include="src\widgets\st_widget.h">
      <Filter>Header Files\widgets</Filter>
    </ClInclude>
    <ClInclude Include="src\environment.h">
      <Filter>Header Files</Filter>
    </ClInclude>
    <ClInclude Include="src\widgets\st_label.h">
      <Filter>Header Files\widgets</Filter>
    </ClInclude>
    <ClInclude Include="src\widgets\st_entry.h">
      <Filter>Header Files\widgets</Filter>
    </ClInclude>
    <ClInclude Include="src\widgets\st_window.h">
      <Filter>Header Files\widgets</Filter>
    </ClInclude>
  </ItemGroup>
  <ItemGroup>
    <None Include="main.js">
      <Filter>Resource Files</Filter>
    </None>
    <None Include="main.css">
      <Filter>Resource Files</Filter>
    </None>
    <None Include="calc.ui">
      <Filter>Resource Files</Filter>
    </None>
    <None Include="main.ui">
      <Filter>Resource Files</Filter>
    </None>
  </ItemGroup>
</Project>